// !$*UTF8*$!
{
	archiveVersion = 1;
	classes = {
	};
	objectVersion = 56;
	objects = {

/* Begin PBXBuildFile section */
		A742ED7B2907C68F00C50619 /* main.cpp in Sources */ = {isa = PBXBuildFile; fileRef = A742ED7A2907C68F00C50619 /* main.cpp */; };
		A742ED832907C6D900C50619 /* graph.cpp in Sources */ = {isa = PBXBuildFile; fileRef = A742ED812907C6D900C50619 /* graph.cpp */; };
		A742ED862907C75900C50619 /* point.cpp in Sources */ = {isa = PBXBuildFile; fileRef = A742ED842907C75900C50619 /* point.cpp */; };
		A742ED8C2907DA8E00C50619 /* block.cpp in Sources */ = {isa = PBXBuildFile; fileRef = A742ED8A2907DA8E00C50619 /* block.cpp */; };
		A742ED8F2908F8D700C50619 /* LDG.cpp in Sources */ = {isa = PBXBuildFile; fileRef = A742ED8D2908F8D700C50619 /* LDG.cpp */; };
/* End PBXBuildFile section */

/* Begin PBXCopyFilesBuildPhase section */
		A742ED752907C68F00C50619 /* CopyFiles */ = {
			isa = PBXCopyFilesBuildPhase;
			buildActionMask = 2147483647;
			dstPath = /usr/share/man/man1/;
			dstSubfolderSpec = 0;
			files = (
			);
			runOnlyForDeploymentPostprocessing = 1;
		};
/* End PBXCopyFilesBuildPhase section */

/* Begin PBXFileReference section */
		A742ED772907C68F00C50619 /* Linear_Deterministic_Greedy */ = {isa = PBXFileReference; explicitFileType = "compiled.mach-o.executable"; includeInIndex = 0; path = Linear_Deterministic_Greedy; sourceTree = BUILT_PRODUCTS_DIR; };
		A742ED7A2907C68F00C50619 /* main.cpp */ = {isa = PBXFileReference; lastKnownFileType = sourcecode.cpp.cpp; path = main.cpp; sourceTree = "<group>"; };
		A742ED812907C6D900C50619 /* graph.cpp */ = {isa = PBXFileReference; lastKnownFileType = sourcecode.cpp.cpp; path = graph.cpp; sourceTree = "<group>"; };
		A742ED822907C6D900C50619 /* graph.hpp */ = {isa = PBXFileReference; lastKnownFileType = sourcecode.cpp.h; path = graph.hpp; sourceTree = "<group>"; };
		A742ED842907C75900C50619 /* point.cpp */ = {isa = PBXFileReference; lastKnownFileType = sourcecode.cpp.cpp; path = point.cpp; sourceTree = "<group>"; };
		A742ED852907C75900C50619 /* point.hpp */ = {isa = PBXFileReference; lastKnownFileType = sourcecode.cpp.h; path = point.hpp; sourceTree = "<group>"; };
		A742ED882907D0F800C50619 /* global.hpp */ = {isa = PBXFileReference; lastKnownFileType = sourcecode.cpp.h; path = global.hpp; sourceTree = "<group>"; };
		A742ED8A2907DA8E00C50619 /* block.cpp */ = {isa = PBXFileReference; lastKnownFileType = sourcecode.cpp.cpp; path = block.cpp; sourceTree = "<group>"; };
		A742ED8B2907DA8E00C50619 /* block.hpp */ = {isa = PBXFileReference; lastKnownFileType = sourcecode.cpp.h; path = block.hpp; sourceTree = "<group>"; };
		A742ED8D2908F8D700C50619 /* LDG.cpp */ = {isa = PBXFileReference; lastKnownFileType = sourcecode.cpp.cpp; path = LDG.cpp; sourceTree = "<group>"; };
		A742ED8E2908F8D700C50619 /* LDG.hpp */ = {isa = PBXFileReference; lastKnownFileType = sourcecode.cpp.h; path = LDG.hpp; sourceTree = "<group>"; };
/* End PBXFileReference section */

/* Begin PBXFrameworksBuildPhase section */
		A742ED742907C68F00C50619 /* Frameworks */ = {
			isa = PBXFrameworksBuildPhase;
			buildActionMask = 2147483647;
			files = (
			);
			runOnlyForDeploymentPostprocessing = 0;
		};
/* End PBXFrameworksBuildPhase section */

/* Begin PBXGroup section */
		A742ED6E2907C68F00C50619 = {
			isa = PBXGroup;
			children = (
				A742ED882907D0F800C50619 /* global.hpp */,
				A742ED852907C75900C50619 /* point.hpp */,
				A742ED842907C75900C50619 /* point.cpp */,
				A742ED8B2907DA8E00C50619 /* block.hpp */,
				A742ED8A2907DA8E00C50619 /* block.cpp */,
				A742ED822907C6D900C50619 /* graph.hpp */,
				A742ED812907C6D900C50619 /* graph.cpp */,
				A742ED8E2908F8D700C50619 /* LDG.hpp */,
				A742ED8D2908F8D700C50619 /* LDG.cpp */,
				A742ED792907C68F00C50619 /* Linear_Deterministic_Greedy */,
				A742ED782907C68F00C50619 /* Products */,
			);
			sourceTree = "<group>";
		};
		A742ED782907C68F00C50619 /* Products */ = {
			isa = PBXGroup;
			children = (
				A742ED772907C68F00C50619 /* Linear_Deterministic_Greedy */,
			);
			name = Products;
			sourceTree = "<group>";
		};
		A742ED792907C68F00C50619 /* Linear_Deterministic_Greedy */ = {
			isa = PBXGroup;
			children = (
				A742ED7A2907C68F00C50619 /* main.cpp */,
			);
			path = Linear_Deterministic_Greedy;
			sourceTree = "<group>";
		};
/* End PBXGroup section */

/* Begin PBXNativeTarget section */
		A742ED762907C68F00C50619 /* Linear_Deterministic_Greedy */ = {
			isa = PBXNativeTarget;
			buildConfigurationList = A742ED7E2907C68F00C50619 /* Build configuration list for PBXNativeTarget "Linear_Deterministic_Greedy" */;
			buildPhases = (
				A742ED732907C68F00C50619 /* Sources */,
				A742ED742907C68F00C50619 /* Frameworks */,
				A742ED752907C68F00C50619 /* CopyFiles */,
			);
			buildRules = (
			);
			dependencies = (
			);
			name = Linear_Deterministic_Greedy;
			productName = Linear_Deterministic_Greedy;
			productReference = A742ED772907C68F00C50619 /* Linear_Deterministic_Greedy */;
			productType = "com.apple.product-type.tool";
		};
/* End PBXNativeTarget section */

/* Begin PBXProject section */
		A742ED6F2907C68F00C50619 /* Project object */ = {
			isa = PBXProject;
			attributes = {
				BuildIndependentTargetsInParallel = 1;
				LastUpgradeCheck = 1400;
				TargetAttributes = {
					A742ED762907C68F00C50619 = {
						CreatedOnToolsVersion = 14.0.1;
						LastSwiftMigration = 1400;
					};
				};
			};
			buildConfigurationList = A742ED722907C68F00C50619 /* Build configuration list for PBXProject "Linear_Deterministic_Greedy" */;
			compatibilityVersion = "Xcode 14.0";
			developmentRegion = en;
			hasScannedForEncodings = 0;
			knownRegions = (
				en,
				Base,
			);
			mainGroup = A742ED6E2907C68F00C50619;
			productRefGroup = A742ED782907C68F00C50619 /* Products */;
			projectDirPath = "";
			projectRoot = "";
			targets = (
				A742ED762907C68F00C50619 /* Linear_Deterministic_Greedy */,
			);
		};
/* End PBXProject section */

/* Begin PBXSourcesBuildPhase section */
		A742ED732907C68F00C50619 /* Sources */ = {
			isa = PBXSourcesBuildPhase;
			buildActionMask = 2147483647;
			files = (
				A742ED832907C6D900C50619 /* graph.cpp in Sources */,
				A742ED8C2907DA8E00C50619 /* block.cpp in Sources */,
				A742ED7B2907C68F00C50619 /* main.cpp in Sources */,
				A742ED862907C75900C50619 /* point.cpp in Sources */,
				A742ED8F2908F8D700C50619 /* LDG.cpp in Sources */,
			);
			runOnlyForDeploymentPostprocessing = 0;
		};
/* End PBXSourcesBuildPhase section */

/* Begin XCBuildConfiguration section */
		A742ED7C2907C68F00C50619 /* Debug */ = {
			isa = XCBuildConfiguration;
			buildSettings = {
				ALWAYS_SEARCH_USER_PATHS = NO;
				CLANG_ANALYZER_NONNULL = YES;
				CLANG_ANALYZER_NUMBER_OBJECT_CONVERSION = YES_AGGRESSIVE;
				CLANG_CXX_LANGUAGE_STANDARD = "gnu++20";
				CLANG_ENABLE_MODULES = YES;
				CLANG_ENABLE_OBJC_ARC = YES;
				CLANG_ENABLE_OBJC_WEAK = YES;
				CLANG_WARN_BLOCK_CAPTURE_AUTORELEASING = YES;
				CLANG_WARN_BOOL_CONVERSION = YES;
				CLANG_WARN_COMMA = YES;
				CLANG_WARN_CONSTANT_CONVERSION = YES;
				CLANG_WARN_DEPRECATED_OBJC_IMPLEMENTATIONS = YES;
				CLANG_WARN_DIRECT_OBJC_ISA_USAGE = YES_ERROR;
				CLANG_WARN_DOCUMENTATION_COMMENTS = YES;
				CLANG_WARN_EMPTY_BODY = YES;
				CLANG_WARN_ENUM_CONVERSION = YES;
				CLANG_WARN_INFINITE_RECURSION = YES;
				CLANG_WARN_INT_CONVERSION = YES;
				CLANG_WARN_NON_LITERAL_NULL_CONVERSION = YES;
				CLANG_WARN_OBJC_IMPLICIT_RETAIN_SELF = YES;
				CLANG_WARN_OBJC_LITERAL_CONVERSION = YES;
				CLANG_WARN_OBJC_ROOT_CLASS = YES_ERROR;
				CLANG_WARN_QUOTED_INCLUDE_IN_FRAMEWORK_HEADER = YES;
				CLANG_WARN_RANGE_LOOP_ANALYSIS = YES;
				CLANG_WARN_STRICT_PROTOTYPES = YES;
				CLANG_WARN_SUSPICIOUS_MOVE = YES;
				CLANG_WARN_UNGUARDED_AVAILABILITY = YES_AGGRESSIVE;
				CLANG_WARN_UNREACHABLE_CODE = YES;
				CLANG_WARN__DUPLICATE_METHOD_MATCH = YES;
				COPY_PHASE_STRIP = NO;
				DEBUG_INFORMATION_FORMAT = dwarf;
				ENABLE_STRICT_OBJC_MSGSEND = YES;
				ENABLE_TESTABILITY = YES;
				GCC_C_LANGUAGE_STANDARD = gnu11;
				GCC_DYNAMIC_NO_PIC = NO;
				GCC_NO_COMMON_BLOCKS = YES;
				GCC_OPTIMIZATION_LEVEL = 0;
				GCC_PREPROCESSOR_DEFINITIONS = (
					"DEBUG=1",
					"$(inherited)",
				);
				GCC_WARN_64_TO_32_BIT_CONVERSION = YES;
				GCC_WARN_ABOUT_RETURN_TYPE = YES_ERROR;
				GCC_WARN_UNDECLARED_SELECTOR = YES;
				GCC_WARN_UNINITIALIZED_AUTOS = YES_AGGRESSIVE;
				GCC_WARN_UNUSED_FUNCTION = YES;
				GCC_WARN_UNUSED_VARIABLE = YES;
				MACOSX_DEPLOYMENT_TARGET = 12.3;
				MTL_ENABLE_DEBUG_INFO = INCLUDE_SOURCE;
				MTL_FAST_MATH = YES;
				ONLY_ACTIVE_ARCH = YES;
				SDKROOT = macosx;
			};
			name = Debug;
		};
		A742ED7D2907C68F00C50619 /* Release */ = {
			isa = XCBuildConfiguration;
			buildSettings = {
				ALWAYS_SEARCH_USER_PATHS = NO;
				CLANG_ANALYZER_NONNULL = YES;
				CLANG_ANALYZER_NUMBER_OBJECT_CONVERSION = YES_AGGRESSIVE;
				CLANG_CXX_LANGUAGE_STANDARD = "gnu++20";
				CLANG_ENABLE_MODULES = YES;
				CLANG_ENABLE_OBJC_ARC = YES;
				CLANG_ENABLE_OBJC_WEAK = YES;
				CLANG_WARN_BLOCK_CAPTURE_AUTORELEASING = YES;
				CLANG_WARN_BOOL_CONVERSION = YES;
				CLANG_WARN_COMMA = YES;
				CLANG_WARN_CONSTANT_CONVERSION = YES;
				CLANG_WARN_DEPRECATED_OBJC_IMPLEMENTATIONS = YES;
				CLANG_WARN_DIRECT_OBJC_ISA_USAGE = YES_ERROR;
				CLANG_WARN_DOCUMENTATION_COMMENTS = YES;
				CLANG_WARN_EMPTY_BODY = YES;
				CLANG_WARN_ENUM_CONVERSION = YES;
				CLANG_WARN_INFINITE_RECURSION = YES;
				CLANG_WARN_INT_CONVERSION = YES;
				CLANG_WARN_NON_LITERAL_NULL_CONVERSION = YES;
				CLANG_WARN_OBJC_IMPLICIT_RETAIN_SELF = YES;
				CLANG_WARN_OBJC_LITERAL_CONVERSION = YES;
				CLANG_WARN_OBJC_ROOT_CLASS = YES_ERROR;
				CLANG_WARN_QUOTED_INCLUDE_IN_FRAMEWORK_HEADER = YES;
				CLANG_WARN_RANGE_LOOP_ANALYSIS = YES;
				CLANG_WARN_STRICT_PROTOTYPES = YES;
				CLANG_WARN_SUSPICIOUS_MOVE = YES;
				CLANG_WARN_UNGUARDED_AVAILABILITY = YES_AGGRESSIVE;
				CLANG_WARN_UNREACHABLE_CODE = YES;
				CLANG_WARN__DUPLICATE_METHOD_MATCH = YES;
				COPY_PHASE_STRIP = NO;
				DEBUG_INFORMATION_FORMAT = "dwarf-with-dsym";
				ENABLE_NS_ASSERTIONS = NO;
				ENABLE_STRICT_OBJC_MSGSEND = YES;
				GCC_C_LANGUAGE_STANDARD = gnu11;
				GCC_NO_COMMON_BLOCKS = YES;
				GCC_WARN_64_TO_32_BIT_CONVERSION = YES;
				GCC_WARN_ABOUT_RETURN_TYPE = YES_ERROR;
				GCC_WARN_UNDECLARED_SELECTOR = YES;
				GCC_WARN_UNINITIALIZED_AUTOS = YES_AGGRESSIVE;
				GCC_WARN_UNUSED_FUNCTION = YES;
				GCC_WARN_UNUSED_VARIABLE = YES;
				MACOSX_DEPLOYMENT_TARGET = 12.3;
				MTL_ENABLE_DEBUG_INFO = NO;
				MTL_FAST_MATH = YES;
				SDKROOT = macosx;
			};
			name = Release;
		};
		A742ED7F2907C68F00C50619 /* Debug */ = {
			isa = XCBuildConfiguration;
			buildSettings = {
				CLANG_ENABLE_MODULES = YES;
				CODE_SIGN_STYLE = Automatic;
				LD_RUNPATH_SEARCH_PATHS = (
					"$(inherited)",
					"@executable_path/../Frameworks",
					"@loader_path/../Frameworks",
				);
				PRODUCT_NAME = "$(TARGET_NAME)";
				SWIFT_OPTIMIZATION_LEVEL = "-Onone";
				SWIFT_VERSION = 5.0;
			};
			name = Debug;
		};
		A742ED802907C68F00C50619 /* Release */ = {
			isa = XCBuildConfiguration;
			buildSettings = {
				CLANG_ENABLE_MODULES = YES;
				CODE_SIGN_STYLE = Automatic;
				LD_RUNPATH_SEARCH_PATHS = (
					"$(inherited)",
					"@executable_path/../Frameworks",
					"@loader_path/../Frameworks",
				);
				PRODUCT_NAME = "$(TARGET_NAME)";
				SWIFT_VERSION = 5.0;
			};
			name = Release;
		};
/* End XCBuildConfiguration section */

/* Begin XCConfigurationList section */
		A742ED722907C68F00C50619 /* Build configuration list for PBXProject "Linear_Deterministic_Greedy" */ = {
			isa = XCConfigurationList;
			buildConfigurations = (
				A742ED7C2907C68F00C50619 /* Debug */,
				A742ED7D2907C68F00C50619 /* Release */,
			);
			defaultConfigurationIsVisible = 0;
			defaultConfigurationName = Release;
		};
		A742ED7E2907C68F00C50619 /* Build configuration list for PBXNativeTarget "Linear_Deterministic_Greedy" */ = {
			isa = XCConfigurationList;
			buildConfigurations = (
				A742ED7F2907C68F00C50619 /* Debug */,
				A742ED802907C68F00C50619 /* Release */,
			);
			defaultConfigurationIsVisible = 0;
			defaultConfigurationName = Release;
		};
/* End XCConfigurationList section */
	};
	rootObject = A742ED6F2907C68F00C50619 /* Project object */;
}
